// !$*UTF8*$!
{
	archiveVersion = 1;
	classes = {
	};
	objectVersion = 52;
	objects = {

/* Begin PBXBuildFile section */
		E621DAC224DD2343004E32FA /* CarListViewModel.swift in Sources */ = {isa = PBXBuildFile; fileRef = E621DAC124DD2343004E32FA /* CarListViewModel.swift */; };
		E621DAC424DD2703004E32FA /* CarListCoordinator.swift in Sources */ = {isa = PBXBuildFile; fileRef = E621DAC324DD2703004E32FA /* CarListCoordinator.swift */; };
		E622D7DC24DD0B270021B793 /* AsyncImageView.swift in Sources */ = {isa = PBXBuildFile; fileRef = E622D7DB24DD0B270021B793 /* AsyncImageView.swift */; };
		E622D7DE24DD0D6A0021B793 /* CarListItemCell.swift in Sources */ = {isa = PBXBuildFile; fileRef = E622D7DD24DD0D6A0021B793 /* CarListItemCell.swift */; };
		E622D7E024DD0E520021B793 /* IconTextView.swift in Sources */ = {isa = PBXBuildFile; fileRef = E622D7DF24DD0E520021B793 /* IconTextView.swift */; };
		E6850A5024DBBA8D00CAFF91 /* CarsalesAPI in Frameworks */ = {isa = PBXBuildFile; productRef = E6850A4F24DBBA8D00CAFF91 /* CarsalesAPI */; };
		E6A4914A24DD3F95000BD0BE /* CarsalesAPI in Frameworks */ = {isa = PBXBuildFile; productRef = E6A4914924DD3F95000BD0BE /* CarsalesAPI */; };
		E6B340E924DCDCCC0083EB1C /* CarsListVIewController.swift in Sources */ = {isa = PBXBuildFile; fileRef = E6B340E824DCDCCC0083EB1C /* CarsListVIewController.swift */; };
		E6B340EB24DCE2C10083EB1C /* Extensions.swift in Sources */ = {isa = PBXBuildFile; fileRef = E6B340EA24DCE2C10083EB1C /* Extensions.swift */; };
		E6B340EF24DCED530083EB1C /* CarDetailsViewController.swift in Sources */ = {isa = PBXBuildFile; fileRef = E6B340EE24DCED530083EB1C /* CarDetailsViewController.swift */; };
		E6B340F824DD02FC0083EB1C /* CarDetailsPhotoCarousel.swift in Sources */ = {isa = PBXBuildFile; fileRef = E6B340F724DD02FC0083EB1C /* CarDetailsPhotoCarousel.swift */; };
		E6B340FA24DD03100083EB1C /* CarDetailsPhotoCell.swift in Sources */ = {isa = PBXBuildFile; fileRef = E6B340F924DD03100083EB1C /* CarDetailsPhotoCell.swift */; };
		E6BD32A524DBB73100D7B486 /* AppDelegate.swift in Sources */ = {isa = PBXBuildFile; fileRef = E6BD32A424DBB73100D7B486 /* AppDelegate.swift */; };
		E6BD32A724DBB73100D7B486 /* SceneDelegate.swift in Sources */ = {isa = PBXBuildFile; fileRef = E6BD32A624DBB73100D7B486 /* SceneDelegate.swift */; };
		E6BD32AE24DBB73300D7B486 /* Assets.xcassets in Resources */ = {isa = PBXBuildFile; fileRef = E6BD32AD24DBB73300D7B486 /* Assets.xcassets */; };
		E6BD32B124DBB73300D7B486 /* LaunchScreen.storyboard in Resources */ = {isa = PBXBuildFile; fileRef = E6BD32AF24DBB73300D7B486 /* LaunchScreen.storyboard */; };
		E6BD32BC24DBB73300D7B486 /* CarsalesChallengeTests.swift in Sources */ = {isa = PBXBuildFile; fileRef = E6BD32BB24DBB73300D7B486 /* CarsalesChallengeTests.swift */; };
		E6C7487F24DD2C7600C6824B /* CarDetailsCoordinator.swift in Sources */ = {isa = PBXBuildFile; fileRef = E6C7487E24DD2C7600C6824B /* CarDetailsCoordinator.swift */; };
		E6C7488124DD2CB900C6824B /* CarDetailsViewModel.swift in Sources */ = {isa = PBXBuildFile; fileRef = E6C7488024DD2CB900C6824B /* CarDetailsViewModel.swift */; };
/* End PBXBuildFile section */

/* Begin PBXContainerItemProxy section */
		E6BD32B824DBB73300D7B486 /* PBXContainerItemProxy */ = {
			isa = PBXContainerItemProxy;
			containerPortal = E6BD329924DBB73100D7B486 /* Project object */;
			proxyType = 1;
			remoteGlobalIDString = E6BD32A024DBB73100D7B486;
			remoteInfo = CarsalesChallenge;
		};
/* End PBXContainerItemProxy section */

/* Begin PBXFileReference section */
		E621DAC124DD2343004E32FA /* CarListViewModel.swift */ = {isa = PBXFileReference; lastKnownFileType = sourcecode.swift; path = CarListViewModel.swift; sourceTree = "<group>"; };
		E621DAC324DD2703004E32FA /* CarListCoordinator.swift */ = {isa = PBXFileReference; lastKnownFileType = sourcecode.swift; path = CarListCoordinator.swift; sourceTree = "<group>"; };
		E622D7DB24DD0B270021B793 /* AsyncImageView.swift */ = {isa = PBXFileReference; lastKnownFileType = sourcecode.swift; path = AsyncImageView.swift; sourceTree = "<group>"; };
		E622D7DD24DD0D6A0021B793 /* CarListItemCell.swift */ = {isa = PBXFileReference; lastKnownFileType = sourcecode.swift; path = CarListItemCell.swift; sourceTree = "<group>"; };
		E622D7DF24DD0E520021B793 /* IconTextView.swift */ = {isa = PBXFileReference; lastKnownFileType = sourcecode.swift; path = IconTextView.swift; sourceTree = "<group>"; };
		E6B340E824DCDCCC0083EB1C /* CarsListVIewController.swift */ = {isa = PBXFileReference; lastKnownFileType = sourcecode.swift; path = CarsListVIewController.swift; sourceTree = "<group>"; };
		E6B340EA24DCE2C10083EB1C /* Extensions.swift */ = {isa = PBXFileReference; lastKnownFileType = sourcecode.swift; path = Extensions.swift; sourceTree = "<group>"; };
		E6B340EE24DCED530083EB1C /* CarDetailsViewController.swift */ = {isa = PBXFileReference; lastKnownFileType = sourcecode.swift; path = CarDetailsViewController.swift; sourceTree = "<group>"; };
		E6B340F724DD02FC0083EB1C /* CarDetailsPhotoCarousel.swift */ = {isa = PBXFileReference; lastKnownFileType = sourcecode.swift; path = CarDetailsPhotoCarousel.swift; sourceTree = "<group>"; };
		E6B340F924DD03100083EB1C /* CarDetailsPhotoCell.swift */ = {isa = PBXFileReference; lastKnownFileType = sourcecode.swift; path = CarDetailsPhotoCell.swift; sourceTree = "<group>"; };
		E6BD32A124DBB73100D7B486 /* CarsalesChallenge.app */ = {isa = PBXFileReference; explicitFileType = wrapper.application; includeInIndex = 0; path = CarsalesChallenge.app; sourceTree = BUILT_PRODUCTS_DIR; };
		E6BD32A424DBB73100D7B486 /* AppDelegate.swift */ = {isa = PBXFileReference; lastKnownFileType = sourcecode.swift; path = AppDelegate.swift; sourceTree = "<group>"; };
		E6BD32A624DBB73100D7B486 /* SceneDelegate.swift */ = {isa = PBXFileReference; lastKnownFileType = sourcecode.swift; path = SceneDelegate.swift; sourceTree = "<group>"; };
		E6BD32AD24DBB73300D7B486 /* Assets.xcassets */ = {isa = PBXFileReference; lastKnownFileType = folder.assetcatalog; path = Assets.xcassets; sourceTree = "<group>"; };
		E6BD32B024DBB73300D7B486 /* Base */ = {isa = PBXFileReference; lastKnownFileType = file.storyboard; name = Base; path = Base.lproj/LaunchScreen.storyboard; sourceTree = "<group>"; };
		E6BD32B224DBB73300D7B486 /* Info.plist */ = {isa = PBXFileReference; lastKnownFileType = text.plist.xml; path = Info.plist; sourceTree = "<group>"; };
		E6BD32B724DBB73300D7B486 /* CarsalesChallengeTests.xctest */ = {isa = PBXFileReference; explicitFileType = wrapper.cfbundle; includeInIndex = 0; path = CarsalesChallengeTests.xctest; sourceTree = BUILT_PRODUCTS_DIR; };
		E6BD32BB24DBB73300D7B486 /* CarsalesChallengeTests.swift */ = {isa = PBXFileReference; lastKnownFileType = sourcecode.swift; path = CarsalesChallengeTests.swift; sourceTree = "<group>"; };
		E6BD32BD24DBB73300D7B486 /* Info.plist */ = {isa = PBXFileReference; lastKnownFileType = text.plist.xml; path = Info.plist; sourceTree = "<group>"; };
		E6C7487E24DD2C7600C6824B /* CarDetailsCoordinator.swift */ = {isa = PBXFileReference; lastKnownFileType = sourcecode.swift; path = CarDetailsCoordinator.swift; sourceTree = "<group>"; };
		E6C7488024DD2CB900C6824B /* CarDetailsViewModel.swift */ = {isa = PBXFileReference; lastKnownFileType = sourcecode.swift; path = CarDetailsViewModel.swift; sourceTree = "<group>"; };
/* End PBXFileReference section */

/* Begin PBXFrameworksBuildPhase section */
		E6BD329E24DBB73100D7B486 /* Frameworks */ = {
			isa = PBXFrameworksBuildPhase;
			buildActionMask = 2147483647;
			files = (
				E6850A5024DBBA8D00CAFF91 /* CarsalesAPI in Frameworks */,
				E6A4914A24DD3F95000BD0BE /* CarsalesAPI in Frameworks */,
			);
			runOnlyForDeploymentPostprocessing = 0;
		};
		E6BD32B424DBB73300D7B486 /* Frameworks */ = {
			isa = PBXFrameworksBuildPhase;
			buildActionMask = 2147483647;
			files = (
			);
			runOnlyForDeploymentPostprocessing = 0;
		};
/* End PBXFrameworksBuildPhase section */

/* Begin PBXGroup section */
		E621DAC524DD2B70004E32FA /* List */ = {
			isa = PBXGroup;
			children = (
				E621DAC624DD2B75004E32FA /* Coordinator */,
				E621DAC724DD2B7D004E32FA /* Controller */,
				E621DAC824DD2B84004E32FA /* ViewModel */,
				E621DAC924DD2B8B004E32FA /* Views */,
			);
			path = List;
			sourceTree = "<group>";
		};
		E621DAC624DD2B75004E32FA /* Coordinator */ = {
			isa = PBXGroup;
			children = (
				E621DAC324DD2703004E32FA /* CarListCoordinator.swift */,
			);
			path = Coordinator;
			sourceTree = "<group>";
		};
		E621DAC724DD2B7D004E32FA /* Controller */ = {
			isa = PBXGroup;
			children = (
				E6B340E824DCDCCC0083EB1C /* CarsListVIewController.swift */,
			);
			path = Controller;
			sourceTree = "<group>";
		};
		E621DAC824DD2B84004E32FA /* ViewModel */ = {
			isa = PBXGroup;
			children = (
				E621DAC124DD2343004E32FA /* CarListViewModel.swift */,
			);
			path = ViewModel;
			sourceTree = "<group>";
		};
		E621DAC924DD2B8B004E32FA /* Views */ = {
			isa = PBXGroup;
			children = (
				E622D7DD24DD0D6A0021B793 /* CarListItemCell.swift */,
			);
			path = Views;
			sourceTree = "<group>";
		};
		E622D7DA24DD0B1E0021B793 /* Helpers */ = {
			isa = PBXGroup;
			children = (
				E622D7DB24DD0B270021B793 /* AsyncImageView.swift */,
				E6B340EA24DCE2C10083EB1C /* Extensions.swift */,
			);
			path = Helpers;
			sourceTree = "<group>";
		};
		E63AA54624DBB95E00A34ED3 /* Frameworks */ = {
			isa = PBXGroup;
			children = (
			);
			name = Frameworks;
			sourceTree = "<group>";
		};
		E6B340F624DD02E60083EB1C /* Details */ = {
			isa = PBXGroup;
			children = (
				E6C7488824DD3CA900C6824B /* Coordinator */,
				E6C7488924DD3CB100C6824B /* Controllers */,
				E6C7488A24DD3CB900C6824B /* ViewModel */,
				E6C7488B24DD3CC100C6824B /* Views */,
			);
			path = Details;
			sourceTree = "<group>";
		};
		E6BD329824DBB73100D7B486 = {
			isa = PBXGroup;
			children = (
				E6BD32A324DBB73100D7B486 /* CarsalesChallenge */,
				E6BD32BA24DBB73300D7B486 /* CarsalesChallengeTests */,
				E6BD32A224DBB73100D7B486 /* Products */,
				E63AA54624DBB95E00A34ED3 /* Frameworks */,
			);
			sourceTree = "<group>";
		};
		E6BD32A224DBB73100D7B486 /* Products */ = {
			isa = PBXGroup;
			children = (
				E6BD32A124DBB73100D7B486 /* CarsalesChallenge.app */,
				E6BD32B724DBB73300D7B486 /* CarsalesChallengeTests.xctest */,
			);
			name = Products;
			sourceTree = "<group>";
		};
		E6BD32A324DBB73100D7B486 /* CarsalesChallenge */ = {
			isa = PBXGroup;
			children = (
				E621DAC524DD2B70004E32FA /* List */,
				E6B340F624DD02E60083EB1C /* Details */,
				E622D7DA24DD0B1E0021B793 /* Helpers */,
				E6BD32A424DBB73100D7B486 /* AppDelegate.swift */,
				E6BD32A624DBB73100D7B486 /* SceneDelegate.swift */,
				E6BD32AD24DBB73300D7B486 /* Assets.xcassets */,
				E6BD32AF24DBB73300D7B486 /* LaunchScreen.storyboard */,
				E6BD32B224DBB73300D7B486 /* Info.plist */,
			);
			path = CarsalesChallenge;
			sourceTree = "<group>";
		};
		E6BD32BA24DBB73300D7B486 /* CarsalesChallengeTests */ = {
			isa = PBXGroup;
			children = (
				E6BD32BB24DBB73300D7B486 /* CarsalesChallengeTests.swift */,
				E6BD32BD24DBB73300D7B486 /* Info.plist */,
			);
			path = CarsalesChallengeTests;
			sourceTree = "<group>";
		};
		E6C7488824DD3CA900C6824B /* Coordinator */ = {
			isa = PBXGroup;
			children = (
				E6C7487E24DD2C7600C6824B /* CarDetailsCoordinator.swift */,
			);
			path = Coordinator;
			sourceTree = "<group>";
		};
		E6C7488924DD3CB100C6824B /* Controllers */ = {
			isa = PBXGroup;
			children = (
				E6B340EE24DCED530083EB1C /* CarDetailsViewController.swift */,
				E6B340F724DD02FC0083EB1C /* CarDetailsPhotoCarousel.swift */,
			);
			path = Controllers;
			sourceTree = "<group>";
		};
		E6C7488A24DD3CB900C6824B /* ViewModel */ = {
			isa = PBXGroup;
			children = (
				E6C7488024DD2CB900C6824B /* CarDetailsViewModel.swift */,
			);
			path = ViewModel;
			sourceTree = "<group>";
		};
		E6C7488B24DD3CC100C6824B /* Views */ = {
			isa = PBXGroup;
			children = (
				E6B340F924DD03100083EB1C /* CarDetailsPhotoCell.swift */,
				E622D7DF24DD0E520021B793 /* IconTextView.swift */,
			);
			path = Views;
			sourceTree = "<group>";
		};
/* End PBXGroup section */

/* Begin PBXNativeTarget section */
		E6BD32A024DBB73100D7B486 /* CarsalesChallenge */ = {
			isa = PBXNativeTarget;
			buildConfigurationList = E6BD32C024DBB73300D7B486 /* Build configuration list for PBXNativeTarget "CarsalesChallenge" */;
			buildPhases = (
				E6BD329D24DBB73100D7B486 /* Sources */,
				E6BD329E24DBB73100D7B486 /* Frameworks */,
				E6BD329F24DBB73100D7B486 /* Resources */,
			);
			buildRules = (
			);
			dependencies = (
			);
			name = CarsalesChallenge;
			packageProductDependencies = (
				E6850A4F24DBBA8D00CAFF91 /* CarsalesAPI */,
				E6A4914924DD3F95000BD0BE /* CarsalesAPI */,
			);
			productName = CarsalesChallenge;
			productReference = E6BD32A124DBB73100D7B486 /* CarsalesChallenge.app */;
			productType = "com.apple.product-type.application";
		};
		E6BD32B624DBB73300D7B486 /* CarsalesChallengeTests */ = {
			isa = PBXNativeTarget;
			buildConfigurationList = E6BD32C324DBB73300D7B486 /* Build configuration list for PBXNativeTarget "CarsalesChallengeTests" */;
			buildPhases = (
				E6BD32B324DBB73300D7B486 /* Sources */,
				E6BD32B424DBB73300D7B486 /* Frameworks */,
				E6BD32B524DBB73300D7B486 /* Resources */,
			);
			buildRules = (
			);
			dependencies = (
				E6BD32B924DBB73300D7B486 /* PBXTargetDependency */,
			);
			name = CarsalesChallengeTests;
			productName = CarsalesChallengeTests;
			productReference = E6BD32B724DBB73300D7B486 /* CarsalesChallengeTests.xctest */;
			productType = "com.apple.product-type.bundle.unit-test";
		};
/* End PBXNativeTarget section */

/* Begin PBXProject section */
		E6BD329924DBB73100D7B486 /* Project object */ = {
			isa = PBXProject;
			attributes = {
				LastSwiftUpdateCheck = 1160;
				LastUpgradeCheck = 1160;
				ORGANIZATIONNAME = "Gagandeep Singh";
				TargetAttributes = {
					E6BD32A024DBB73100D7B486 = {
						CreatedOnToolsVersion = 11.6;
					};
					E6BD32B624DBB73300D7B486 = {
						CreatedOnToolsVersion = 11.6;
						TestTargetID = E6BD32A024DBB73100D7B486;
					};
				};
			};
			buildConfigurationList = E6BD329C24DBB73100D7B486 /* Build configuration list for PBXProject "CarsalesChallenge" */;
			compatibilityVersion = "Xcode 9.3";
			developmentRegion = en;
			hasScannedForEncodings = 0;
			knownRegions = (
				en,
				Base,
			);
			mainGroup = E6BD329824DBB73100D7B486;
			packageReferences = (
				E6A4914824DD3F95000BD0BE /* XCRemoteSwiftPackageReference "CarsalesAPI" */,
			);
			productRefGroup = E6BD32A224DBB73100D7B486 /* Products */;
			projectDirPath = "";
			projectRoot = "";
			targets = (
				E6BD32A024DBB73100D7B486 /* CarsalesChallenge */,
				E6BD32B624DBB73300D7B486 /* CarsalesChallengeTests */,
			);
		};
/* End PBXProject section */

/* Begin PBXResourcesBuildPhase section */
		E6BD329F24DBB73100D7B486 /* Resources */ = {
			isa = PBXResourcesBuildPhase;
			buildActionMask = 2147483647;
			files = (
				E6BD32B124DBB73300D7B486 /* LaunchScreen.storyboard in Resources */,
				E6BD32AE24DBB73300D7B486 /* Assets.xcassets in Resources */,
			);
			runOnlyForDeploymentPostprocessing = 0;
		};
		E6BD32B524DBB73300D7B486 /* Resources */ = {
			isa = PBXResourcesBuildPhase;
			buildActionMask = 2147483647;
			files = (
			);
			runOnlyForDeploymentPostprocessing = 0;
		};
/* End PBXResourcesBuildPhase section */

/* Begin PBXSourcesBuildPhase section */
		E6BD329D24DBB73100D7B486 /* Sources */ = {
			isa = PBXSourcesBuildPhase;
			buildActionMask = 2147483647;
			files = (
				E622D7DE24DD0D6A0021B793 /* CarListItemCell.swift in Sources */,
				E6B340FA24DD03100083EB1C /* CarDetailsPhotoCell.swift in Sources */,
				E621DAC224DD2343004E32FA /* CarListViewModel.swift in Sources */,
				E6B340EB24DCE2C10083EB1C /* Extensions.swift in Sources */,
				E6B340EF24DCED530083EB1C /* CarDetailsViewController.swift in Sources */,
				E622D7DC24DD0B270021B793 /* AsyncImageView.swift in Sources */,
				E6C7487F24DD2C7600C6824B /* CarDetailsCoordinator.swift in Sources */,
				E622D7E024DD0E520021B793 /* IconTextView.swift in Sources */,
				E6C7488124DD2CB900C6824B /* CarDetailsViewModel.swift in Sources */,
				E6BD32A524DBB73100D7B486 /* AppDelegate.swift in Sources */,
				E621DAC424DD2703004E32FA /* CarListCoordinator.swift in Sources */,
				E6B340F824DD02FC0083EB1C /* CarDetailsPhotoCarousel.swift in Sources */,
				E6BD32A724DBB73100D7B486 /* SceneDelegate.swift in Sources */,
				E6B340E924DCDCCC0083EB1C /* CarsListVIewController.swift in Sources */,
			);
			runOnlyForDeploymentPostprocessing = 0;
		};
		E6BD32B324DBB73300D7B486 /* Sources */ = {
			isa = PBXSourcesBuildPhase;
			buildActionMask = 2147483647;
			files = (
				E6BD32BC24DBB73300D7B486 /* CarsalesChallengeTests.swift in Sources */,
			);
			runOnlyForDeploymentPostprocessing = 0;
		};
/* End PBXSourcesBuildPhase section */

/* Begin PBXTargetDependency section */
		E6BD32B924DBB73300D7B486 /* PBXTargetDependency */ = {
			isa = PBXTargetDependency;
			target = E6BD32A024DBB73100D7B486 /* CarsalesChallenge */;
			targetProxy = E6BD32B824DBB73300D7B486 /* PBXContainerItemProxy */;
		};
/* End PBXTargetDependency section */

/* Begin PBXVariantGroup section */
		E6BD32AF24DBB73300D7B486 /* LaunchScreen.storyboard */ = {
			isa = PBXVariantGroup;
			children = (
				E6BD32B024DBB73300D7B486 /* Base */,
			);
			name = LaunchScreen.storyboard;
			sourceTree = "<group>";
		};
/* End PBXVariantGroup section */

/* Begin XCBuildConfiguration section */
		E6BD32BE24DBB73300D7B486 /* Debug */ = {
			isa = XCBuildConfiguration;
			buildSettings = {
				ALWAYS_SEARCH_USER_PATHS = NO;
				CLANG_ANALYZER_NONNULL = YES;
				CLANG_ANALYZER_NUMBER_OBJECT_CONVERSION = YES_AGGRESSIVE;
				CLANG_CXX_LANGUAGE_STANDARD = "gnu++14";
				CLANG_CXX_LIBRARY = "libc++";
				CLANG_ENABLE_MODULES = YES;
				CLANG_ENABLE_OBJC_ARC = YES;
				CLANG_ENABLE_OBJC_WEAK = YES;
				CLANG_WARN_BLOCK_CAPTURE_AUTORELEASING = YES;
				CLANG_WARN_BOOL_CONVERSION = YES;
				CLANG_WARN_COMMA = YES;
				CLANG_WARN_CONSTANT_CONVERSION = YES;
				CLANG_WARN_DEPRECATED_OBJC_IMPLEMENTATIONS = YES;
				CLANG_WARN_DIRECT_OBJC_ISA_USAGE = YES_ERROR;
				CLANG_WARN_DOCUMENTATION_COMMENTS = YES;
				CLANG_WARN_EMPTY_BODY = YES;
				CLANG_WARN_ENUM_CONVERSION = YES;
				CLANG_WARN_INFINITE_RECURSION = YES;
				CLANG_WARN_INT_CONVERSION = YES;
				CLANG_WARN_NON_LITERAL_NULL_CONVERSION = YES;
				CLANG_WARN_OBJC_IMPLICIT_RETAIN_SELF = YES;
				CLANG_WARN_OBJC_LITERAL_CONVERSION = YES;
				CLANG_WARN_OBJC_ROOT_CLASS = YES_ERROR;
				CLANG_WARN_RANGE_LOOP_ANALYSIS = YES;
				CLANG_WARN_STRICT_PROTOTYPES = YES;
				CLANG_WARN_SUSPICIOUS_MOVE = YES;
				CLANG_WARN_UNGUARDED_AVAILABILITY = YES_AGGRESSIVE;
				CLANG_WARN_UNREACHABLE_CODE = YES;
				CLANG_WARN__DUPLICATE_METHOD_MATCH = YES;
				COPY_PHASE_STRIP = NO;
				DEBUG_INFORMATION_FORMAT = dwarf;
				ENABLE_STRICT_OBJC_MSGSEND = YES;
				ENABLE_TESTABILITY = YES;
				GCC_C_LANGUAGE_STANDARD = gnu11;
				GCC_DYNAMIC_NO_PIC = NO;
				GCC_NO_COMMON_BLOCKS = YES;
				GCC_OPTIMIZATION_LEVEL = 0;
				GCC_PREPROCESSOR_DEFINITIONS = (
					"DEBUG=1",
					"$(inherited)",
				);
				GCC_WARN_64_TO_32_BIT_CONVERSION = YES;
				GCC_WARN_ABOUT_RETURN_TYPE = YES_ERROR;
				GCC_WARN_UNDECLARED_SELECTOR = YES;
				GCC_WARN_UNINITIALIZED_AUTOS = YES_AGGRESSIVE;
				GCC_WARN_UNUSED_FUNCTION = YES;
				GCC_WARN_UNUSED_VARIABLE = YES;
				IPHONEOS_DEPLOYMENT_TARGET = 13.6;
				MTL_ENABLE_DEBUG_INFO = INCLUDE_SOURCE;
				MTL_FAST_MATH = YES;
				ONLY_ACTIVE_ARCH = YES;
				SDKROOT = iphoneos;
				SWIFT_ACTIVE_COMPILATION_CONDITIONS = DEBUG;
				SWIFT_OPTIMIZATION_LEVEL = "-Onone";
			};
			name = Debug;
		};
		E6BD32BF24DBB73300D7B486 /* Release */ = {
			isa = XCBuildConfiguration;
			buildSettings = {
				ALWAYS_SEARCH_USER_PATHS = NO;
				CLANG_ANALYZER_NONNULL = YES;
				CLANG_ANALYZER_NUMBER_OBJECT_CONVERSION = YES_AGGRESSIVE;
				CLANG_CXX_LANGUAGE_STANDARD = "gnu++14";
				CLANG_CXX_LIBRARY = "libc++";
				CLANG_ENABLE_MODULES = YES;
				CLANG_ENABLE_OBJC_ARC = YES;
				CLANG_ENABLE_OBJC_WEAK = YES;
				CLANG_WARN_BLOCK_CAPTURE_AUTORELEASING = YES;
				CLANG_WARN_BOOL_CONVERSION = YES;
				CLANG_WARN_COMMA = YES;
				CLANG_WARN_CONSTANT_CONVERSION = YES;
				CLANG_WARN_DEPRECATED_OBJC_IMPLEMENTATIONS = YES;
				CLANG_WARN_DIRECT_OBJC_ISA_USAGE = YES_ERROR;
				CLANG_WARN_DOCUMENTATION_COMMENTS = YES;
				CLANG_WARN_EMPTY_BODY = YES;
				CLANG_WARN_ENUM_CONVERSION = YES;
				CLANG_WARN_INFINITE_RECURSION = YES;
				CLANG_WARN_INT_CONVERSION = YES;
				CLANG_WARN_NON_LITERAL_NULL_CONVERSION = YES;
				CLANG_WARN_OBJC_IMPLICIT_RETAIN_SELF = YES;
				CLANG_WARN_OBJC_LITERAL_CONVERSION = YES;
				CLANG_WARN_OBJC_ROOT_CLASS = YES_ERROR;
				CLANG_WARN_RANGE_LOOP_ANALYSIS = YES;
				CLANG_WARN_STRICT_PROTOTYPES = YES;
				CLANG_WARN_SUSPICIOUS_MOVE = YES;
				CLANG_WARN_UNGUARDED_AVAILABILITY = YES_AGGRESSIVE;
				CLANG_WARN_UNREACHABLE_CODE = YES;
				CLANG_WARN__DUPLICATE_METHOD_MATCH = YES;
				COPY_PHASE_STRIP = NO;
				DEBUG_INFORMATION_FORMAT = "dwarf-with-dsym";
				ENABLE_NS_ASSERTIONS = NO;
				ENABLE_STRICT_OBJC_MSGSEND = YES;
				GCC_C_LANGUAGE_STANDARD = gnu11;
				GCC_NO_COMMON_BLOCKS = YES;
				GCC_WARN_64_TO_32_BIT_CONVERSION = YES;
				GCC_WARN_ABOUT_RETURN_TYPE = YES_ERROR;
				GCC_WARN_UNDECLARED_SELECTOR = YES;
				GCC_WARN_UNINITIALIZED_AUTOS = YES_AGGRESSIVE;
				GCC_WARN_UNUSED_FUNCTION = YES;
				GCC_WARN_UNUSED_VARIABLE = YES;
				IPHONEOS_DEPLOYMENT_TARGET = 13.6;
				MTL_ENABLE_DEBUG_INFO = NO;
				MTL_FAST_MATH = YES;
				SDKROOT = iphoneos;
				SWIFT_COMPILATION_MODE = wholemodule;
				SWIFT_OPTIMIZATION_LEVEL = "-O";
				VALIDATE_PRODUCT = YES;
			};
			name = Release;
		};
		E6BD32C124DBB73300D7B486 /* Debug */ = {
			isa = XCBuildConfiguration;
			buildSettings = {
				ASSETCATALOG_COMPILER_APPICON_NAME = AppIcon;
				CODE_SIGN_STYLE = Automatic;
				DEVELOPMENT_TEAM = EAN9592EK4;
				INFOPLIST_FILE = CarsalesChallenge/Info.plist;
				IPHONEOS_DEPLOYMENT_TARGET = 13.0;
				LD_RUNPATH_SEARCH_PATHS = (
					"$(inherited)",
					"@executable_path/Frameworks",
				);
				PRODUCT_BUNDLE_IDENTIFIER = com.deepgagan.CarsalesChallenge;
				PRODUCT_NAME = "$(TARGET_NAME)";
				SWIFT_VERSION = 5.0;
				TARGETED_DEVICE_FAMILY = "1,2";
			};
			name = Debug;
		};
		E6BD32C224DBB73300D7B486 /* Release */ = {
			isa = XCBuildConfiguration;
			buildSettings = {
				ASSETCATALOG_COMPILER_APPICON_NAME = AppIcon;
				CODE_SIGN_STYLE = Automatic;
				DEVELOPMENT_TEAM = EAN9592EK4;
				INFOPLIST_FILE = CarsalesChallenge/Info.plist;
				IPHONEOS_DEPLOYMENT_TARGET = 13.0;
				LD_RUNPATH_SEARCH_PATHS = (
					"$(inherited)",
					"@executable_path/Frameworks",
				);
				PRODUCT_BUNDLE_IDENTIFIER = com.deepgagan.CarsalesChallenge;
				PRODUCT_NAME = "$(TARGET_NAME)";
				SWIFT_VERSION = 5.0;
				TARGETED_DEVICE_FAMILY = "1,2";
			};
			name = Release;
		};
		E6BD32C424DBB73300D7B486 /* Debug */ = {
			isa = XCBuildConfiguration;
			buildSettings = {
				ALWAYS_EMBED_SWIFT_STANDARD_LIBRARIES = YES;
				BUNDLE_LOADER = "$(TEST_HOST)";
				CODE_SIGN_STYLE = Automatic;
				DEVELOPMENT_TEAM = EAN9592EK4;
				INFOPLIST_FILE = CarsalesChallengeTests/Info.plist;
				IPHONEOS_DEPLOYMENT_TARGET = 13.6;
				LD_RUNPATH_SEARCH_PATHS = (
					"$(inherited)",
					"@executable_path/Frameworks",
					"@loader_path/Frameworks",
				);
				PRODUCT_BUNDLE_IDENTIFIER = com.deepgagan.CarsalesChallengeTests;
				PRODUCT_NAME = "$(TARGET_NAME)";
				SWIFT_VERSION = 5.0;
				TARGETED_DEVICE_FAMILY = "1,2";
				TEST_HOST = "$(BUILT_PRODUCTS_DIR)/CarsalesChallenge.app/CarsalesChallenge";
			};
			name = Debug;
		};
		E6BD32C524DBB73300D7B486 /* Release */ = {
			isa = XCBuildConfiguration;
			buildSettings = {
				ALWAYS_EMBED_SWIFT_STANDARD_LIBRARIES = YES;
				BUNDLE_LOADER = "$(TEST_HOST)";
				CODE_SIGN_STYLE = Automatic;
				DEVELOPMENT_TEAM = EAN9592EK4;
				INFOPLIST_FILE = CarsalesChallengeTests/Info.plist;
				IPHONEOS_DEPLOYMENT_TARGET = 13.6;
				LD_RUNPATH_SEARCH_PATHS = (
					"$(inherited)",
					"@executable_path/Frameworks",
					"@loader_path/Frameworks",
				);
				PRODUCT_BUNDLE_IDENTIFIER = com.deepgagan.CarsalesChallengeTests;
				PRODUCT_NAME = "$(TARGET_NAME)";
				SWIFT_VERSION = 5.0;
				TARGETED_DEVICE_FAMILY = "1,2";
				TEST_HOST = "$(BUILT_PRODUCTS_DIR)/CarsalesChallenge.app/CarsalesChallenge";
			};
			name = Release;
		};
/* End XCBuildConfiguration section */

/* Begin XCConfigurationList section */
		E6BD329C24DBB73100D7B486 /* Build configuration list for PBXProject "CarsalesChallenge" */ = {
			isa = XCConfigurationList;
			buildConfigurations = (
				E6BD32BE24DBB73300D7B486 /* Debug */,
				E6BD32BF24DBB73300D7B486 /* Release */,
			);
			defaultConfigurationIsVisible = 0;
			defaultConfigurationName = Release;
		};
		E6BD32C024DBB73300D7B486 /* Build configuration list for PBXNativeTarget "CarsalesChallenge" */ = {
			isa = XCConfigurationList;
			buildConfigurations = (
				E6BD32C124DBB73300D7B486 /* Debug */,
				E6BD32C224DBB73300D7B486 /* Release */,
			);
			defaultConfigurationIsVisible = 0;
			defaultConfigurationName = Release;
		};
		E6BD32C324DBB73300D7B486 /* Build configuration list for PBXNativeTarget "CarsalesChallengeTests" */ = {
			isa = XCConfigurationList;
			buildConfigurations = (
				E6BD32C424DBB73300D7B486 /* Debug */,
				E6BD32C524DBB73300D7B486 /* Release */,
			);
			defaultConfigurationIsVisible = 0;
			defaultConfigurationName = Release;
		};
/* End XCConfigurationList section */

/* Begin XCRemoteSwiftPackageReference section */
		E6A4914824DD3F95000BD0BE /* XCRemoteSwiftPackageReference "CarsalesAPI" */ = {
			isa = XCRemoteSwiftPackageReference;
			repositoryURL = "https://github.com/ggndpsingh/CarsalesAPI";
			requirement = {
				branch = main;
				kind = branch;
			};
		};
/* End XCRemoteSwiftPackageReference section */

/* Begin XCSwiftPackageProductDependency section */
		E6850A4F24DBBA8D00CAFF91 /* CarsalesAPI */ = {
			isa = XCSwiftPackageProductDependency;
			productName = CarsalesAPI;
		};
		E6A4914924DD3F95000BD0BE /* CarsalesAPI */ = {
			isa = XCSwiftPackageProductDependency;
			package = E6A4914824DD3F95000BD0BE /* XCRemoteSwiftPackageReference "CarsalesAPI" */;
			productName = CarsalesAPI;
		};
/* End XCSwiftPackageProductDependency section */
	};
	rootObject = E6BD329924DBB73100D7B486 /* Project object */;
}
